
Microsoft Visual Studio Solution File, Format Version 12.00
# Visual Studio Version 17
VisualStudioVersion = 17.14.36109.1
MinimumVisualStudioVersion = 10.0.40219.1
Project("{2150E333-8FDC-42A3-9474-1A3956D46DE8}") = "SRCS", "SRCS", "{DDB4EF12-CC4E-5E88-E6FC-71A802F4DE97}"
EndProject
Project("{2150E333-8FDC-42A3-9474-1A3956D46DE8}") = "TESTS", "TESTS", "{D9B52B9F-5C99-4F73-AA33-1480646E0BCA}"
EndProject
Project("{FAE04EC0-301F-11D3-BF4B-00C04F79EFBC}") = "Domains", "Domains\Domains.csproj", "{71BD2855-1D1B-4DD6-9A7C-EA94C7CE4C05}"
EndProject
Project("{FAE04EC0-301F-11D3-BF4B-00C04F79EFBC}") = "Infrastructures", "Infrastructures\Infrastructures.csproj", "{63696D05-E266-43A4-9681-A7E289823187}"
EndProject
Project("{FAE04EC0-301F-11D3-BF4B-00C04F79EFBC}") = "Presentations", "Presentations\Presentations.csproj", "{7506F964-6FCB-4F1B-9364-389D00AFDAC5}"
EndProject
Project("{FAE04EC0-301F-11D3-BF4B-00C04F79EFBC}") = "DomainsTests", "DomainsTests\DomainsTests.csproj", "{6A062E19-8FB0-4FD6-B12E-EA709B41DFFA}"
EndProject
Project("{FAE04EC0-301F-11D3-BF4B-00C04F79EFBC}") = "InfrastructuresTests", "InfrastructuresTests\InfrastructuresTests.csproj", "{6AB2B902-1EFA-4ECB-BBB9-A380DDDB67A6}"
EndProject
Project("{FAE04EC0-301F-11D3-BF4B-00C04F79EFBC}") = "Applications", "Applications\Applications.csproj", "{A3715EB8-EE80-415D-9881-CB5AA7A2FF33}"
EndProject
Project("{FAE04EC0-301F-11D3-BF4B-00C04F79EFBC}") = "ApplicationsTests", "ApplicationsTests\ApplicationsTests.csproj", "{018BDFC9-2A8F-4DAE-A2F8-8AB876559249}"
EndProject
Global
	GlobalSection(SolutionConfigurationPlatforms) = preSolution
		Debug|Any CPU = Debug|Any CPU
		Release|Any CPU = Release|Any CPU
	EndGlobalSection
	GlobalSection(ProjectConfigurationPlatforms) = postSolution
		{71BD2855-1D1B-4DD6-9A7C-EA94C7CE4C05}.Debug|Any CPU.ActiveCfg = Debug|Any CPU
		{71BD2855-1D1B-4DD6-9A7C-EA94C7CE4C05}.Debug|Any CPU.Build.0 = Debug|Any CPU
		{71BD2855-1D1B-4DD6-9A7C-EA94C7CE4C05}.Release|Any CPU.ActiveCfg = Release|Any CPU
		{71BD2855-1D1B-4DD6-9A7C-EA94C7CE4C05}.Release|Any CPU.Build.0 = Release|Any CPU
		{63696D05-E266-43A4-9681-A7E289823187}.Debug|Any CPU.ActiveCfg = Debug|Any CPU
		{63696D05-E266-43A4-9681-A7E289823187}.Debug|Any CPU.Build.0 = Debug|Any CPU
		{63696D05-E266-43A4-9681-A7E289823187}.Release|Any CPU.ActiveCfg = Release|Any CPU
		{63696D05-E266-43A4-9681-A7E289823187}.Release|Any CPU.Build.0 = Release|Any CPU
		{7506F964-6FCB-4F1B-9364-389D00AFDAC5}.Debug|Any CPU.ActiveCfg = Debug|Any CPU
		{7506F964-6FCB-4F1B-9364-389D00AFDAC5}.Debug|Any CPU.Build.0 = Debug|Any CPU
		{7506F964-6FCB-4F1B-9364-389D00AFDAC5}.Release|Any CPU.ActiveCfg = Release|Any CPU
		{7506F964-6FCB-4F1B-9364-389D00AFDAC5}.Release|Any CPU.Build.0 = Release|Any CPU
		{6A062E19-8FB0-4FD6-B12E-EA709B41DFFA}.Debug|Any CPU.ActiveCfg = Debug|Any CPU
		{6A062E19-8FB0-4FD6-B12E-EA709B41DFFA}.Debug|Any CPU.Build.0 = Debug|Any CPU
		{6A062E19-8FB0-4FD6-B12E-EA709B41DFFA}.Release|Any CPU.ActiveCfg = Release|Any CPU
		{6A062E19-8FB0-4FD6-B12E-EA709B41DFFA}.Release|Any CPU.Build.0 = Release|Any CPU
		{6AB2B902-1EFA-4ECB-BBB9-A380DDDB67A6}.Debug|Any CPU.ActiveCfg = Debug|Any CPU
		{6AB2B902-1EFA-4ECB-BBB9-A380DDDB67A6}.Debug|Any CPU.Build.0 = Debug|Any CPU
		{6AB2B902-1EFA-4ECB-BBB9-A380DDDB67A6}.Release|Any CPU.ActiveCfg = Release|Any CPU
		{6AB2B902-1EFA-4ECB-BBB9-A380DDDB67A6}.Release|Any CPU.Build.0 = Release|Any CPU
		{A3715EB8-EE80-415D-9881-CB5AA7A2FF33}.Debug|Any CPU.ActiveCfg = Debug|Any CPU
		{A3715EB8-EE80-415D-9881-CB5AA7A2FF33}.Debug|Any CPU.Build.0 = Debug|Any CPU
		{A3715EB8-EE80-415D-9881-CB5AA7A2FF33}.Release|Any CPU.ActiveCfg = Release|Any CPU
		{A3715EB8-EE80-415D-9881-CB5AA7A2FF33}.Release|Any CPU.Build.0 = Release|Any CPU
		{018BDFC9-2A8F-4DAE-A2F8-8AB876559249}.Debug|Any CPU.ActiveCfg = Debug|Any CPU
		{018BDFC9-2A8F-4DAE-A2F8-8AB876559249}.Debug|Any CPU.Build.0 = Debug|Any CPU
		{018BDFC9-2A8F-4DAE-A2F8-8AB876559249}.Release|Any CPU.ActiveCfg = Release|Any CPU
		{018BDFC9-2A8F-4DAE-A2F8-8AB876559249}.Release|Any CPU.Build.0 = Release|Any CPU
	EndGlobalSection
	GlobalSection(SolutionProperties) = preSolution
		HideSolutionNode = FALSE
	EndGlobalSection
	GlobalSection(NestedProjects) = preSolution
		{71BD2855-1D1B-4DD6-9A7C-EA94C7CE4C05} = {DDB4EF12-CC4E-5E88-E6FC-71A802F4DE97}
		{63696D05-E266-43A4-9681-A7E289823187} = {DDB4EF12-CC4E-5E88-E6FC-71A802F4DE97}
		{7506F964-6FCB-4F1B-9364-389D00AFDAC5} = {DDB4EF12-CC4E-5E88-E6FC-71A802F4DE97}
		{6A062E19-8FB0-4FD6-B12E-EA709B41DFFA} = {D9B52B9F-5C99-4F73-AA33-1480646E0BCA}
		{6AB2B902-1EFA-4ECB-BBB9-A380DDDB67A6} = {D9B52B9F-5C99-4F73-AA33-1480646E0BCA}
		{A3715EB8-EE80-415D-9881-CB5AA7A2FF33} = {DDB4EF12-CC4E-5E88-E6FC-71A802F4DE97}
		{018BDFC9-2A8F-4DAE-A2F8-8AB876559249} = {D9B52B9F-5C99-4F73-AA33-1480646E0BCA}
	EndGlobalSection
	GlobalSection(ExtensibilityGlobals) = postSolution
		SolutionGuid = {7D9E65F6-32CB-4296-A7F9-E210B6FFCEC5}
	EndGlobalSection
EndGlobal
